github.com/thommil/tge v0.0.0-20190210203325-e610194212cb h1:VXhqNmiGc3bVmBQWpdUstK9J1XD4QCI7lAAdXp0gA3I=
github.com/thommil/tge v0.0.0-20190210203325-e610194212cb/go.mod h1:BClqn/rScM7QoFdj82IS6aFXstrPKvRTxVZisIkMNDE=
github.com/thommil/tge v0.0.0-20190210204804-def5e07a5a8c h1:65DufpdDmi8IiowxOwb1YognaJzh4iKQNU7dyqjF8X4=
github.com/thommil/tge v0.0.0-20190210204804-def5e07a5a8c/go.mod h1:BClqn/rScM7QoFdj82IS6aFXstrPKvRTxVZisIkMNDE=