github.com/go-gl/gl v0.0.0-20181026044259-55b76b7df9d2 h1:78Hza2KHn2PX1jdydQnffaU2A/xM0g3Nx1xmMdep9Gk=
github.com/go-gl/gl v0.0.0-20181026044259-55b76b7df9d2/go.mod h1:482civXOzJJCPzJ4ZOX/pwvXBWSnzD4OKMdH4ClKGbk=
github.com/go-gl/glfw v0.0.0-20181213070059-819e8ce5125f h1:7MsFMbSn8Lcw0blK4+NEOf8DuHoOBDhJsHz04yh13pM=
github.com/go-gl/glfw v0.0.0-20181213070059-819e8ce5125f/go.mod h1:vR7hzQXu2zJy9AVAgeJqvqgH9Q5CA+iKCZ2gyEVpxRU=
github.com/thommil/tge v0.0.0-20190216215805-bc885306f420 h1:NKBuRZI5KDVZ0/jxanXq5SA196/RnzhS36K81gh7j24=
github.com/thommil/tge v0.0.0-20190216215805-bc885306f420/go.mod h1:sWYKXIw8ZrX39iJpp4kBa+FINg3KYZthjYcnIQrDadI=
github.com/thommil/tge v0.0.0-20190216215825-9ccd3153d8e2 h1:fF8fPSIk054sc5LT8kPw2w0PVi5hCl6/BVWowSWJ7fA=
github.com/thommil/tge v0.0.0-20190216215825-9ccd3153d8e2/go.mod h1:sWYKXIw8ZrX39iJpp4kBa+FINg3KYZthjYcnIQrDadI=
github.com/thommil/tge v0.0.0-20190217124403-146c070ee8c2 h1:3W8vRtldOwp6+9av9tzwhytm27H70mFhNon54GTlZ9c=
github.com/thommil/tge v0.0.0-20190217124403-146c070ee8c2/go.mod h1:sWYKXIw8ZrX39iJpp4kBa+FINg3KYZthjYcnIQrDadI=
github.com/thommil/tge v0.0.0-20190217134722-e02d6d78149f h1:6QStVk+ib6/MC9FXfWsEU7uOH77dtQFxVngjVsmktkg=
github.com/thommil/tge v0.0.0-20190217134722-e02d6d78149f/go.mod h1:sWYKXIw8ZrX39iJpp4kBa+FINg3KYZthjYcnIQrDadI=
github.com/thommil/tge v0.0.0-20190218085315-b068c00eb09c h1:zbBBDi3dPhqiwQK53Jwr6Lv9EFJAsnS51lQgYapWIi4=
github.com/thommil/tge v0.0.0-20190218085315-b068c00eb09c/go.mod h1:sWYKXIw8ZrX39iJpp4kBa+FINg3KYZthjYcnIQrDadI=
github.com/thommil/tge-gl v0.0.0-20190216220033-689c96c48b43 h1:OwnX1417y9aUTKFRhSK1MhMKbi6tYg+fUPwgO/h2+5s=
github.com/thommil/tge-gl v0.0.0-20190216220033-689c96c48b43/go.mod h1:eN9Mo0i8kNp0pg9Cy8HNwZBfAqd3NpgA36R192xGWsg=
github.com/thommil/tge-gl v0.0.0-20190216220216-61da98845c67 h1:JNjAiRbHUg8O/w93LswbYD39H8k2v/s7vo0v7c+FXY0=
github.com/thommil/tge-gl v0.0.0-20190216220216-61da98845c67/go.mod h1:EtN4G56pKzx4r49mER0WXV6yuCcIA6xfgpSyfOvQWsI=
golang.org/x/mobile v0.0.0-20190127143845-a42111704963/go.mod h1:z+o9i4GpDbdi3rU15maQ/Ox0txvL9dWGYEHz965HBQE=
